
Microsoft Visual Studio Solution File, Format Version 12.00
# Visual Studio Version 16
VisualStudioVersion = 16.0.29911.84
MinimumVisualStudioVersion = 10.0.40219.1
Project("{FAE04EC0-301F-11D3-BF4B-00C04F79EFBC}") = "LayoutsDemo.Android", "LayoutsDemo\LayoutsDemo.Android\LayoutsDemo.Android.csproj", "{07A638E0-1A69-40AE-B89A-8FA1766B3A27}"
EndProject
Project("{FAE04EC0-301F-11D3-BF4B-00C04F79EFBC}") = "LayoutsDemo.iOS", "LayoutsDemo\LayoutsDemo.iOS\LayoutsDemo.iOS.csproj", "{26BFC1D7-3593-4EB9-B231-4C86FABA4A9C}"
EndProject
Project("{FAE04EC0-301F-11D3-BF4B-00C04F79EFBC}") = "LayoutsDemo", "LayoutsDemo\LayoutsDemo\LayoutsDemo.csproj", "{4D39638F-5612-4D58-BB21-391DBB76A66E}"
EndProject
Global
	GlobalSection(SolutionConfigurationPlatforms) = preSolution
		Debug|Any CPU = Debug|Any CPU
		Debug|iPhone = Debug|iPhone
		Debug|iPhoneSimulator = Debug|iPhoneSimulator
		Release|Any CPU = Release|Any CPU
		Release|iPhone = Release|iPhone
		Release|iPhoneSimulator = Release|iPhoneSimulator
	EndGlobalSection
	GlobalSection(ProjectConfigurationPlatforms) = postSolution
		{07A638E0-1A69-40AE-B89A-8FA1766B3A27}.Debug|Any CPU.ActiveCfg = Debug|Any CPU
		{07A638E0-1A69-40AE-B89A-8FA1766B3A27}.Debug|Any CPU.Build.0 = Debug|Any CPU
		{07A638E0-1A69-40AE-B89A-8FA1766B3A27}.Debug|Any CPU.Deploy.0 = Debug|Any CPU
		{07A638E0-1A69-40AE-B89A-8FA1766B3A27}.Debug|iPhone.ActiveCfg = Debug|Any CPU
		{07A638E0-1A69-40AE-B89A-8FA1766B3A27}.Debug|iPhone.Build.0 = Debug|Any CPU
		{07A638E0-1A69-40AE-B89A-8FA1766B3A27}.Debug|iPhone.Deploy.0 = Debug|Any CPU
		{07A638E0-1A69-40AE-B89A-8FA1766B3A27}.Debug|iPhoneSimulator.ActiveCfg = Debug|Any CPU
		{07A638E0-1A69-40AE-B89A-8FA1766B3A27}.Debug|iPhoneSimulator.Build.0 = Debug|Any CPU
		{07A638E0-1A69-40AE-B89A-8FA1766B3A27}.Debug|iPhoneSimulator.Deploy.0 = Debug|Any CPU
		{07A638E0-1A69-40AE-B89A-8FA1766B3A27}.Release|Any CPU.ActiveCfg = Release|Any CPU
		{07A638E0-1A69-40AE-B89A-8FA1766B3A27}.Release|Any CPU.Build.0 = Release|Any CPU
		{07A638E0-1A69-40AE-B89A-8FA1766B3A27}.Release|Any CPU.Deploy.0 = Release|Any CPU
		{07A638E0-1A69-40AE-B89A-8FA1766B3A27}.Release|iPhone.ActiveCfg = Release|Any CPU
		{07A638E0-1A69-40AE-B89A-8FA1766B3A27}.Release|iPhone.Build.0 = Release|Any CPU
		{07A638E0-1A69-40AE-B89A-8FA1766B3A27}.Release|iPhone.Deploy.0 = Release|Any CPU
		{07A638E0-1A69-40AE-B89A-8FA1766B3A27}.Release|iPhoneSimulator.ActiveCfg = Release|Any CPU
		{07A638E0-1A69-40AE-B89A-8FA1766B3A27}.Release|iPhoneSimulator.Build.0 = Release|Any CPU
		{07A638E0-1A69-40AE-B89A-8FA1766B3A27}.Release|iPhoneSimulator.Deploy.0 = Release|Any CPU
		{26BFC1D7-3593-4EB9-B231-4C86FABA4A9C}.Debug|Any CPU.ActiveCfg = Debug|iPhone
		{26BFC1D7-3593-4EB9-B231-4C86FABA4A9C}.Debug|Any CPU.Build.0 = Debug|iPhone
		{26BFC1D7-3593-4EB9-B231-4C86FABA4A9C}.Debug|Any CPU.Deploy.0 = Debug|iPhone
		{26BFC1D7-3593-4EB9-B231-4C86FABA4A9C}.Debug|iPhone.ActiveCfg = Debug|iPhone
		{26BFC1D7-3593-4EB9-B231-4C86FABA4A9C}.Debug|iPhone.Build.0 = Debug|iPhone
		{26BFC1D7-3593-4EB9-B231-4C86FABA4A9C}.Debug|iPhone.Deploy.0 = Debug|iPhone
		{26BFC1D7-3593-4EB9-B231-4C86FABA4A9C}.Debug|iPhoneSimulator.ActiveCfg = Debug|iPhoneSimulator
		{26BFC1D7-3593-4EB9-B231-4C86FABA4A9C}.Debug|iPhoneSimulator.Build.0 = Debug|iPhoneSimulator
		{26BFC1D7-3593-4EB9-B231-4C86FABA4A9C}.Debug|iPhoneSimulator.Deploy.0 = Debug|iPhoneSimulator
		{26BFC1D7-3593-4EB9-B231-4C86FABA4A9C}.Release|Any CPU.ActiveCfg = Release|iPhone
		{26BFC1D7-3593-4EB9-B231-4C86FABA4A9C}.Release|Any CPU.Build.0 = Release|iPhone
		{26BFC1D7-3593-4EB9-B231-4C86FABA4A9C}.Release|Any CPU.Deploy.0 = Release|iPhone
		{26BFC1D7-3593-4EB9-B231-4C86FABA4A9C}.Release|iPhone.ActiveCfg = Release|iPhone
		{26BFC1D7-3593-4EB9-B231-4C86FABA4A9C}.Release|iPhone.Build.0 = Release|iPhone
		{26BFC1D7-3593-4EB9-B231-4C86FABA4A9C}.Release|iPhone.Deploy.0 = Release|iPhone
		{26BFC1D7-3593-4EB9-B231-4C86FABA4A9C}.Release|iPhoneSimulator.ActiveCfg = Release|iPhoneSimulator
		{26BFC1D7-3593-4EB9-B231-4C86FABA4A9C}.Release|iPhoneSimulator.Build.0 = Release|iPhoneSimulator
		{26BFC1D7-3593-4EB9-B231-4C86FABA4A9C}.Release|iPhoneSimulator.Deploy.0 = Release|iPhoneSimulator
		{4D39638F-5612-4D58-BB21-391DBB76A66E}.Debug|Any CPU.ActiveCfg = Debug|Any CPU
		{4D39638F-5612-4D58-BB21-391DBB76A66E}.Debug|Any CPU.Build.0 = Debug|Any CPU
		{4D39638F-5612-4D58-BB21-391DBB76A66E}.Debug|Any CPU.Deploy.0 = Debug|Any CPU
		{4D39638F-5612-4D58-BB21-391DBB76A66E}.Debug|iPhone.ActiveCfg = Debug|Any CPU
		{4D39638F-5612-4D58-BB21-391DBB76A66E}.Debug|iPhone.Build.0 = Debug|Any CPU
		{4D39638F-5612-4D58-BB21-391DBB76A66E}.Debug|iPhone.Deploy.0 = Debug|Any CPU
		{4D39638F-5612-4D58-BB21-391DBB76A66E}.Debug|iPhoneSimulator.ActiveCfg = Debug|Any CPU
		{4D39638F-5612-4D58-BB21-391DBB76A66E}.Debug|iPhoneSimulator.Build.0 = Debug|Any CPU
		{4D39638F-5612-4D58-BB21-391DBB76A66E}.Debug|iPhoneSimulator.Deploy.0 = Debug|Any CPU
		{4D39638F-5612-4D58-BB21-391DBB76A66E}.Release|Any CPU.ActiveCfg = Release|Any CPU
		{4D39638F-5612-4D58-BB21-391DBB76A66E}.Release|Any CPU.Build.0 = Release|Any CPU
		{4D39638F-5612-4D58-BB21-391DBB76A66E}.Release|Any CPU.Deploy.0 = Release|Any CPU
		{4D39638F-5612-4D58-BB21-391DBB76A66E}.Release|iPhone.ActiveCfg = Release|Any CPU
		{4D39638F-5612-4D58-BB21-391DBB76A66E}.Release|iPhone.Build.0 = Release|Any CPU
		{4D39638F-5612-4D58-BB21-391DBB76A66E}.Release|iPhone.Deploy.0 = Release|Any CPU
		{4D39638F-5612-4D58-BB21-391DBB76A66E}.Release|iPhoneSimulator.ActiveCfg = Release|Any CPU
		{4D39638F-5612-4D58-BB21-391DBB76A66E}.Release|iPhoneSimulator.Build.0 = Release|Any CPU
		{4D39638F-5612-4D58-BB21-391DBB76A66E}.Release|iPhoneSimulator.Deploy.0 = Release|Any CPU
	EndGlobalSection
	GlobalSection(SolutionProperties) = preSolution
		HideSolutionNode = FALSE
	EndGlobalSection
	GlobalSection(ExtensibilityGlobals) = postSolution
		SolutionGuid = {D58D1E78-DA51-4EC8-967A-62039C28CEC6}
	EndGlobalSection
EndGlobal
